
Microsoft Visual Studio Solution File, Format Version 12.00
# Visual Studio Version 17
VisualStudioVersion = 17.9.34616.47
MinimumVisualStudioVersion = 10.0.40219.1
Project("{FAE04EC0-301F-11D3-BF4B-00C04F79EFBC}") = "Strings", "Strings\Strings.csproj", "{960D2D73-3B57-4EE1-A595-C22153469000}"
EndProject
Global
	GlobalSection(SolutionConfigurationPlatforms) = preSolution
		Debug|Any CPU = Debug|Any CPU
		Release|Any CPU = Release|Any CPU
	EndGlobalSection
	GlobalSection(ProjectConfigurationPlatforms) = postSolution
		{960D2D73-3B57-4EE1-A595-C22153469000}.Debug|Any CPU.ActiveCfg = Debug|Any CPU
		{960D2D73-3B57-4EE1-A595-C22153469000}.Debug|Any CPU.Build.0 = Debug|Any CPU
		{960D2D73-3B57-4EE1-A595-C22153469000}.Release|Any CPU.ActiveCfg = Release|Any CPU
		{960D2D73-3B57-4EE1-A595-C22153469000}.Release|Any CPU.Build.0 = Release|Any CPU
	EndGlobalSection
	GlobalSection(SolutionProperties) = preSolution
		HideSolutionNode = FALSE
	EndGlobalSection
	GlobalSection(ExtensibilityGlobals) = postSolution
		SolutionGuid = {29DC3BE1-2B76-4E42-BDAB-490780CC163F}
	EndGlobalSection
EndGlobal
